lockfileVersion: '9.0'

settings:
  autoInstallPeers: true
  excludeLinksFromLockfile: false

importers:

  .:
    dependencies:
      zod:
        specifier: ^3.25.76
        version: 3.25.76
    devDependencies:
      '@biomejs/biome':
        specifier: ^1.9.4
        version: 1.9.4
      '@types/bun':
        specifier: ^1.2.9
        version: 1.3.6
      lefthook:
        specifier: ^2.0.15
        version: 2.0.15
      typescript:
        specifier: ^5.8.3
        version: 5.9.3

  packages/cli:
    dependencies:
      '@kustodian/core':
        specifier: workspace:*
        version: link:../core
      '@kustodian/generator':
        specifier: workspace:*
        version: link:../generator
      '@kustodian/loader':
        specifier: workspace:*
        version: link:../loader
      '@kustodian/nodes':
        specifier: workspace:*
        version: link:../nodes
      '@kustodian/plugin-k0s':
        specifier: workspace:*
        version: link:../../plugins/k0s
      '@kustodian/plugins':
        specifier: workspace:*
        version: link:../plugins
      '@kustodian/registry':
        specifier: workspace:*
        version: link:../registry
      '@kustodian/schema':
        specifier: workspace:*
        version: link:../schema
      '@kustodian/sources':
        specifier: workspace:*
        version: link:../sources
      ora:
        specifier: ^9.0.0
        version: 9.0.0
      yaml:
        specifier: ^2.8.2
        version: 2.8.2

  packages/core: {}

  packages/generator:
    dependencies:
      '@kustodian/core':
        specifier: workspace:*
        version: link:../core
      '@kustodian/loader':
        specifier: workspace:*
        version: link:../loader
      '@kustodian/plugins':
        specifier: workspace:*
        version: link:../plugins
      '@kustodian/schema':
        specifier: workspace:*
        version: link:../schema
      yaml:
        specifier: ^2.8.2
        version: 2.8.2

  packages/k8s:
    dependencies:
      '@kustodian/core':
        specifier: workspace:*
        version: link:../core

  packages/loader:
    dependencies:
      '@kustodian/core':
        specifier: workspace:*
        version: link:../core
      '@kustodian/schema':
        specifier: workspace:*
        version: link:../schema
      yaml:
        specifier: ^2.8.0
        version: 2.8.2

  packages/nodes:
    dependencies:
      '@kustodian/core':
        specifier: workspace:*
        version: link:../core
      '@kustodian/schema':
        specifier: workspace:*
        version: link:../schema

  packages/plugins:
    dependencies:
      '@kustodian/core':
        specifier: workspace:*
        version: link:../core
      '@kustodian/nodes':
        specifier: workspace:*
        version: link:../nodes
      '@kustodian/schema':
        specifier: workspace:*
        version: link:../schema
      zod:
        specifier: ^3.25.76
        version: 3.25.76

  packages/registry:
    dependencies:
      '@kustodian/core':
        specifier: workspace:*
        version: link:../core
      semver:
        specifier: ^7.6.0
        version: 7.7.3
    devDependencies:
      '@types/semver':
        specifier: ^7.5.0
        version: 7.7.1

  packages/schema:
    dependencies:
      zod:
        specifier: ^3.25.30
        version: 3.25.76

  packages/sources:
    dependencies:
      '@kustodian/core':
        specifier: workspace:*
        version: link:../core
      '@kustodian/loader':
        specifier: workspace:*
        version: link:../loader
      '@kustodian/schema':
        specifier: workspace:*
        version: link:../schema
      zod:
        specifier: ^3.25.30
        version: 3.25.76

  plugins/1password:
    dependencies:
      '@kustodian/core':
        specifier: workspace:*
        version: link:../../packages/core
      '@kustodian/plugins':
        specifier: workspace:*
        version: link:../../packages/plugins
      '@kustodian/schema':
        specifier: workspace:*
        version: link:../../packages/schema

  plugins/authelia:
    dependencies:
      '@kustodian/core':
        specifier: ^1.1.0
        version: 1.1.0
      '@kustodian/plugins':
        specifier: ^1.0.1
        version: 1.0.1
      '@kustodian/schema':
        specifier: ^1.2.0
        version: 1.2.0
      js-yaml:
        specifier: ^4.1.1
        version: 4.1.1
      zod:
        specifier: ^4.3.5
        version: 4.3.5
    devDependencies:
      '@types/js-yaml':
        specifier: ^4.0.9
        version: 4.0.9

  plugins/doppler:
    dependencies:
      '@kustodian/core':
        specifier: workspace:*
        version: link:../../packages/core
      '@kustodian/plugins':
        specifier: workspace:*
        version: link:../../packages/plugins
      '@kustodian/schema':
        specifier: workspace:*
        version: link:../../packages/schema

  plugins/k0s:
    dependencies:
      '@kustodian/core':
        specifier: workspace:*
        version: link:../../packages/core
      '@kustodian/nodes':
        specifier: workspace:*
        version: link:../../packages/nodes
      '@kustodian/plugins':
        specifier: workspace:*
        version: link:../../packages/plugins
      yaml:
        specifier: ^2.8.2
        version: 2.8.2

packages:

  '@biomejs/biome@1.9.4':
    resolution: {integrity: sha512-1rkd7G70+o9KkTn5KLmDYXihGoTaIGO9PIIN2ZB7UJxFrWw04CZHPYiMRjYsaDvVV7hP1dYNRLxSANLaBFGpog==}
    engines: {node: '>=14.21.3'}
    hasBin: true

  '@biomejs/cli-darwin-arm64@1.9.4':
    resolution: {integrity: sha512-bFBsPWrNvkdKrNCYeAp+xo2HecOGPAy9WyNyB/jKnnedgzl4W4Hb9ZMzYNbf8dMCGmUdSavlYHiR01QaYR58cw==}
    engines: {node: '>=14.21.3'}
    cpu: [arm64]
    os: [darwin]

  '@biomejs/cli-darwin-x64@1.9.4':
    resolution: {integrity: sha512-ngYBh/+bEedqkSevPVhLP4QfVPCpb+4BBe2p7Xs32dBgs7rh9nY2AIYUL6BgLw1JVXV8GlpKmb/hNiuIxfPfZg==}
    engines: {node: '>=14.21.3'}
    cpu: [x64]
    os: [darwin]

  '@biomejs/cli-linux-arm64-musl@1.9.4':
    resolution: {integrity: sha512-v665Ct9WCRjGa8+kTr0CzApU0+XXtRgwmzIf1SeKSGAv+2scAlW6JR5PMFo6FzqqZ64Po79cKODKf3/AAmECqA==}
    engines: {node: '>=14.21.3'}
    cpu: [arm64]
    os: [linux]

  '@biomejs/cli-linux-arm64@1.9.4':
    resolution: {integrity: sha512-fJIW0+LYujdjUgJJuwesP4EjIBl/N/TcOX3IvIHJQNsAqvV2CHIogsmA94BPG6jZATS4Hi+xv4SkBBQSt1N4/g==}
    engines: {node: '>=14.21.3'}
    cpu: [arm64]
    os: [linux]

  '@biomejs/cli-linux-x64-musl@1.9.4':
    resolution: {integrity: sha512-gEhi/jSBhZ2m6wjV530Yy8+fNqG8PAinM3oV7CyO+6c3CEh16Eizm21uHVsyVBEB6RIM8JHIl6AGYCv6Q6Q9Tg==}
    engines: {node: '>=14.21.3'}
    cpu: [x64]
    os: [linux]

  '@biomejs/cli-linux-x64@1.9.4':
    resolution: {integrity: sha512-lRCJv/Vi3Vlwmbd6K+oQ0KhLHMAysN8lXoCI7XeHlxaajk06u7G+UsFSO01NAs5iYuWKmVZjmiOzJ0OJmGsMwg==}
    engines: {node: '>=14.21.3'}
    cpu: [x64]
    os: [linux]

  '@biomejs/cli-win32-arm64@1.9.4':
    resolution: {integrity: sha512-tlbhLk+WXZmgwoIKwHIHEBZUwxml7bRJgk0X2sPyNR3S93cdRq6XulAZRQJ17FYGGzWne0fgrXBKpl7l4M87Hg==}
    engines: {node: '>=14.21.3'}
    cpu: [arm64]
    os: [win32]

  '@biomejs/cli-win32-x64@1.9.4':
    resolution: {integrity: sha512-8Y5wMhVIPaWe6jw2H+KlEm4wP/f7EW3810ZLmDlrEEy5KvBsb9ECEfu/kMWD484ijfQ8+nIi0giMgu9g1UAuuA==}
    engines: {node: '>=14.21.3'}
    cpu: [x64]
    os: [win32]

  '@kustodian/core@1.1.0':
    resolution: {integrity: sha512-KqW5AjnYfMt2HTVmzO2OD3q1BMNPQRJ3VwJv+FYecWiTwgokFq+yX/q4KvoXnHUIF2nSY9ofm4bhm3rFEbh65A==}

  '@kustodian/plugins@1.0.1':
    resolution: {integrity: sha512-MqXuj+3R3rZEhOqqLw+yFM6YCwLFBjKY8jg+jF5VWFXWr0cFW2flW9cuulR6B9M4lmJkR8zPYdTAcjrICZMQnQ==}

  '@kustodian/schema@1.2.0':
    resolution: {integrity: sha512-8mSE744IvxUcPBNz3DM40uRVRMRhbsOE1Zsz4mZxdZeVFBIsApDAtnHxa3/LBsom+7JhhhtB8X6IUFMB5TDwlg==}

  '@types/bun@1.3.6':
    resolution: {integrity: sha512-uWCv6FO/8LcpREhenN1d1b6fcspAB+cefwD7uti8C8VffIv0Um08TKMn98FynpTiU38+y2dUO55T11NgDt8VAA==}

  '@types/js-yaml@4.0.9':
    resolution: {integrity: sha512-k4MGaQl5TGo/iipqb2UDG2UwjXziSWkh0uysQelTlJpX1qGlpUZYm8PnO4DxG1qBomtJUdYJ6qR6xdIah10JLg==}

  '@types/node@25.0.9':
    resolution: {integrity: sha512-/rpCXHlCWeqClNBwUhDcusJxXYDjZTyE8v5oTO7WbL8eij2nKhUeU89/6xgjU7N4/Vh3He0BtyhJdQbDyhiXAw==}

  '@types/semver@7.7.1':
    resolution: {integrity: sha512-FmgJfu+MOcQ370SD0ev7EI8TlCAfKYU+B4m5T3yXc1CiRN94g/SZPtsCkk506aUDtlMnFZvasDwHHUcZUEaYuA==}

  ansi-regex@6.2.2:
    resolution: {integrity: sha512-Bq3SmSpyFHaWjPk8If9yc6svM8c56dB5BAtW4Qbw5jHTwwXXcTLoRMkpDJp6VL0XzlWaCHTXrkFURMYmD0sLqg==}
    engines: {node: '>=12'}

  argparse@2.0.1:
    resolution: {integrity: sha512-8+9WqebbFzpX9OR+Wa6O29asIogeRMzcGtAINdpMHHyAg10f05aSFVBbcEqGf/PXw1EjAZ+q2/bEBg3DvurK3Q==}

  bun-types@1.3.6:
    resolution: {integrity: sha512-OlFwHcnNV99r//9v5IIOgQ9Uk37gZqrNMCcqEaExdkVq3Avwqok1bJFmvGMCkCE0FqzdY8VMOZpfpR3lwI+CsQ==}

  chalk@5.6.2:
    resolution: {integrity: sha512-7NzBL0rN6fMUW+f7A6Io4h40qQlG+xGmtMxfbnH/K7TAtt8JQWVQK+6g0UXKMeVJoyV5EkkNsErQ8pVD3bLHbA==}
    engines: {node: ^12.17.0 || ^14.13 || >=16.0.0}

  cli-cursor@5.0.0:
    resolution: {integrity: sha512-aCj4O5wKyszjMmDT4tZj93kxyydN/K5zPWSCe6/0AV/AA1pqe5ZBIw0a2ZfPQV7lL5/yb5HsUreJ6UFAF1tEQw==}
    engines: {node: '>=18'}

  cli-spinners@3.4.0:
    resolution: {integrity: sha512-bXfOC4QcT1tKXGorxL3wbJm6XJPDqEnij2gQ2m7ESQuE+/z9YFIWnl/5RpTiKWbMq3EVKR4fRLJGn6DVfu0mpw==}
    engines: {node: '>=18.20'}

  get-east-asian-width@1.4.0:
    resolution: {integrity: sha512-QZjmEOC+IT1uk6Rx0sX22V6uHWVwbdbxf1faPqJ1QhLdGgsRGCZoyaQBm/piRdJy/D2um6hM1UP7ZEeQ4EkP+Q==}
    engines: {node: '>=18'}

  is-interactive@2.0.0:
    resolution: {integrity: sha512-qP1vozQRI+BMOPcjFzrjXuQvdak2pHNUMZoeG2eRbiSqyvbEf/wQtEOTOX1guk6E3t36RkaqiSt8A/6YElNxLQ==}
    engines: {node: '>=12'}

  is-unicode-supported@2.1.0:
    resolution: {integrity: sha512-mE00Gnza5EEB3Ds0HfMyllZzbBrmLOX3vfWoj9A9PEnTfratQ/BcaJOuMhnkhjXvb2+FkY3VuHqtAGpTPmglFQ==}
    engines: {node: '>=18'}

  js-yaml@4.1.1:
    resolution: {integrity: sha512-qQKT4zQxXl8lLwBtHMWwaTcGfFOZviOJet3Oy/xmGk2gZH677CJM9EvtfdSkgWcATZhj/55JZ0rmy3myCT5lsA==}
    hasBin: true

  lefthook-darwin-arm64@2.0.15:
    resolution: {integrity: sha512-ygAqG/NzOgY9bEiqeQtiOmCRTtp9AmOd3eyrpEaSrRB9V9f3RHRgWDrWbde9BiHSsCzcbeY9/X2NuKZ69eUsNA==}
    cpu: [arm64]
    os: [darwin]

  lefthook-darwin-x64@2.0.15:
    resolution: {integrity: sha512-3wA30CzdSL5MFKD6dk7v8BMq7ScWQivpLbmIn3Pv67AaBavN57N/hcdGqOFnDDFI5WazVwDY7UqDfMIk5HZjEA==}
    cpu: [x64]
    os: [darwin]

  lefthook-freebsd-arm64@2.0.15:
    resolution: {integrity: sha512-FbYBBLVbX8BjdO+icN1t/pC3TOW3FAvTKv/zggBKNihv6jHNn/3s/0j2xIS0k0Pw9oOE7MVmEni3qp2j5vqHrQ==}
    cpu: [arm64]
    os: [freebsd]

  lefthook-freebsd-x64@2.0.15:
    resolution: {integrity: sha512-udHMjh1E8TfC0Z7Y249XZMATJOyj1Jxlj9JoEinkoBvAsePFKDEQg5teuXuTGhjsHYpqVekfSvLNNfHKUUbbjw==}
    cpu: [x64]
    os: [freebsd]

  lefthook-linux-arm64@2.0.15:
    resolution: {integrity: sha512-1HAPmdYhfcOlubv63sTnWtW2rFuC+kT1MvC3JvdrS5V6zrOImbBSnYZMJX/Dd3w4pm0x2ZJb9T+uef8a0jUQkg==}
    cpu: [arm64]
    os: [linux]

  lefthook-linux-x64@2.0.15:
    resolution: {integrity: sha512-Pho87mlNFH47zc4fPKzQSp8q9sWfIFW/KMMZfx/HZNmX25aUUTOqMyRwaXxtdAo/hNJ9FX4JeuZWq9Y3iyM5VA==}
    cpu: [x64]
    os: [linux]

  lefthook-openbsd-arm64@2.0.15:
    resolution: {integrity: sha512-pet03Edlj1QeFUgxcIK1xu8CeZA+ejYplvPgdfe//69+vQFGSDaEx3H2mVx8RqzWfmMbijM2/WfkZXR2EVw3bw==}
    cpu: [arm64]
    os: [openbsd]

  lefthook-openbsd-x64@2.0.15:
    resolution: {integrity: sha512-i+a364CcSAeIO5wQzLMHsthHt/v6n3XwhKmRq/VBzPOUv9KutNeF55yCE/6lvuvzwxpdEfBjh6cXPERC0yp98w==}
    cpu: [x64]
    os: [openbsd]

  lefthook-windows-arm64@2.0.15:
    resolution: {integrity: sha512-69u5GdVOT4QIxc2TK5ce0cTXLzwB55Pk9ZnnJNFf1XsyZTGcg9bUWYYTyD12CIIXbVTa0RVXIIrbU9UgP8O1AQ==}
    cpu: [arm64]
    os: [win32]

  lefthook-windows-x64@2.0.15:
    resolution: {integrity: sha512-/zYEndCUgj8XK+4wvLYLRk3AcfKU6zWf2GHx+tcZ4K2bLaQdej4m+OqmQsVpUlF8N2tN9hfwlj1D50uz75LUuQ==}
    cpu: [x64]
    os: [win32]

  lefthook@2.0.15:
    resolution: {integrity: sha512-sl5rePO6UUOLKp6Ci+MMKOc86zicBaPUCvSw2Cq4gCAgTmxpxhIjhz7LOu2ObYerVRPpTq3gvzPTjI71UotjnA==}
    hasBin: true

  log-symbols@7.0.1:
    resolution: {integrity: sha512-ja1E3yCr9i/0hmBVaM0bfwDjnGy8I/s6PP4DFp+yP+a+mrHO4Rm7DtmnqROTUkHIkqffC84YY7AeqX6oFk0WFg==}
    engines: {node: '>=18'}

  mimic-function@5.0.1:
    resolution: {integrity: sha512-VP79XUPxV2CigYP3jWwAUFSku2aKqBH7uTAapFWCBqutsbmDo96KY5o8uh6U+/YSIn5OxJnXp73beVkpqMIGhA==}
    engines: {node: '>=18'}

  onetime@7.0.0:
    resolution: {integrity: sha512-VXJjc87FScF88uafS3JllDgvAm+c/Slfz06lorj2uAY34rlUu0Nt+v8wreiImcrgAjjIHp1rXpTDlLOGw29WwQ==}
    engines: {node: '>=18'}

  ora@9.0.0:
    resolution: {integrity: sha512-m0pg2zscbYgWbqRR6ABga5c3sZdEon7bSgjnlXC64kxtxLOyjRcbbUkLj7HFyy/FTD+P2xdBWu8snGhYI0jc4A==}
    engines: {node: '>=20'}

  restore-cursor@5.1.0:
    resolution: {integrity: sha512-oMA2dcrw6u0YfxJQXm342bFKX/E4sG9rbTzO9ptUcR/e8A33cHuvStiYOwH7fszkZlZ1z/ta9AAoPk2F4qIOHA==}
    engines: {node: '>=18'}

  semver@7.7.3:
    resolution: {integrity: sha512-SdsKMrI9TdgjdweUSR9MweHA4EJ8YxHn8DFaDisvhVlUOe4BF1tLD7GAj0lIqWVl+dPb/rExr0Btby5loQm20Q==}
    engines: {node: '>=10'}
    hasBin: true

  signal-exit@4.1.0:
    resolution: {integrity: sha512-bzyZ1e88w9O1iNJbKnOlvYTrWPDl46O1bG0D3XInv+9tkPrxrN8jUUTiFlDkkmKWgn1M6CfIA13SuGqOa9Korw==}
    engines: {node: '>=14'}

  stdin-discarder@0.2.2:
    resolution: {integrity: sha512-UhDfHmA92YAlNnCfhmq0VeNL5bDbiZGg7sZ2IvPsXubGkiNa9EC+tUTsjBRsYUAz87btI6/1wf4XoVvQ3uRnmQ==}
    engines: {node: '>=18'}

  string-width@8.1.0:
    resolution: {integrity: sha512-Kxl3KJGb/gxkaUMOjRsQ8IrXiGW75O4E3RPjFIINOVH8AMl2SQ/yWdTzWwF3FevIX9LcMAjJW+GRwAlAbTSXdg==}
    engines: {node: '>=20'}

  strip-ansi@7.1.2:
    resolution: {integrity: sha512-gmBGslpoQJtgnMAvOVqGZpEz9dyoKTCzy2nfz/n8aIFhN/jCE/rCmcxabB6jOOHV+0WNnylOxaxBQPSvcWklhA==}
    engines: {node: '>=12'}

  typescript@5.9.3:
    resolution: {integrity: sha512-jl1vZzPDinLr9eUt3J/t7V6FgNEw9QjvBPdysz9KfQDD41fQrC2Y4vKQdiaUpFT4bXlb1RHhLpp8wtm6M5TgSw==}
    engines: {node: '>=14.17'}
    hasBin: true

  undici-types@7.16.0:
    resolution: {integrity: sha512-Zz+aZWSj8LE6zoxD+xrjh4VfkIG8Ya6LvYkZqtUQGJPZjYl53ypCaUwWqo7eI0x66KBGeRo+mlBEkMSeSZ38Nw==}

  yaml@2.8.2:
    resolution: {integrity: sha512-mplynKqc1C2hTVYxd0PU2xQAc22TI1vShAYGksCCfxbn/dFwnHTNi1bvYsBTkhdUNtGIf5xNOg938rrSSYvS9A==}
    engines: {node: '>= 14.6'}
    hasBin: true

  yoctocolors@2.1.2:
    resolution: {integrity: sha512-CzhO+pFNo8ajLM2d2IW/R93ipy99LWjtwblvC1RsoSUMZgyLbYFr221TnSNT7GjGdYui6P459mw9JH/g/zW2ug==}
    engines: {node: '>=18'}

  zod@3.25.76:
    resolution: {integrity: sha512-gzUt/qt81nXsFGKIFcC3YnfEAx5NkunCfnDlvuBSSFS02bcXu4Lmea0AFIUwbLWxWPx3d9p8S5QoaujKcNQxcQ==}

  zod@4.3.5:
    resolution: {integrity: sha512-k7Nwx6vuWx1IJ9Bjuf4Zt1PEllcwe7cls3VNzm4CQ1/hgtFUK2bRNG3rvnpPUhFjmqJKAKtjV576KnUkHocg/g==}

snapshots:

  '@biomejs/biome@1.9.4':
    optionalDependencies:
      '@biomejs/cli-darwin-arm64': 1.9.4
      '@biomejs/cli-darwin-x64': 1.9.4
      '@biomejs/cli-linux-arm64': 1.9.4
      '@biomejs/cli-linux-arm64-musl': 1.9.4
      '@biomejs/cli-linux-x64': 1.9.4
      '@biomejs/cli-linux-x64-musl': 1.9.4
      '@biomejs/cli-win32-arm64': 1.9.4
      '@biomejs/cli-win32-x64': 1.9.4

  '@biomejs/cli-darwin-arm64@1.9.4':
    optional: true

  '@biomejs/cli-darwin-x64@1.9.4':
    optional: true

  '@biomejs/cli-linux-arm64-musl@1.9.4':
    optional: true

  '@biomejs/cli-linux-arm64@1.9.4':
    optional: true

  '@biomejs/cli-linux-x64-musl@1.9.4':
    optional: true

  '@biomejs/cli-linux-x64@1.9.4':
    optional: true

  '@biomejs/cli-win32-arm64@1.9.4':
    optional: true

  '@biomejs/cli-win32-x64@1.9.4':
    optional: true

  '@kustodian/core@1.1.0': {}

  '@kustodian/plugins@1.0.1':
    dependencies:
      '@kustodian/core': link:packages/core
      '@kustodian/nodes': link:packages/nodes
      '@kustodian/schema': link:packages/schema
      zod: 3.25.76

  '@kustodian/schema@1.2.0':
    dependencies:
      zod: 3.25.76

  '@types/bun@1.3.6':
    dependencies:
      bun-types: 1.3.6

  '@types/js-yaml@4.0.9': {}

  '@types/node@25.0.9':
    dependencies:
      undici-types: 7.16.0

  '@types/semver@7.7.1': {}

  ansi-regex@6.2.2: {}

  argparse@2.0.1: {}

  bun-types@1.3.6:
    dependencies:
      '@types/node': 25.0.9

  chalk@5.6.2: {}

  cli-cursor@5.0.0:
    dependencies:
      restore-cursor: 5.1.0

  cli-spinners@3.4.0: {}

  get-east-asian-width@1.4.0: {}

  is-interactive@2.0.0: {}

  is-unicode-supported@2.1.0: {}

  js-yaml@4.1.1:
    dependencies:
      argparse: 2.0.1

  lefthook-darwin-arm64@2.0.15:
    optional: true

  lefthook-darwin-x64@2.0.15:
    optional: true

  lefthook-freebsd-arm64@2.0.15:
    optional: true

  lefthook-freebsd-x64@2.0.15:
    optional: true

  lefthook-linux-arm64@2.0.15:
    optional: true

  lefthook-linux-x64@2.0.15:
    optional: true

  lefthook-openbsd-arm64@2.0.15:
    optional: true

  lefthook-openbsd-x64@2.0.15:
    optional: true

  lefthook-windows-arm64@2.0.15:
    optional: true

  lefthook-windows-x64@2.0.15:
    optional: true

  lefthook@2.0.15:
    optionalDependencies:
      lefthook-darwin-arm64: 2.0.15
      lefthook-darwin-x64: 2.0.15
      lefthook-freebsd-arm64: 2.0.15
      lefthook-freebsd-x64: 2.0.15
      lefthook-linux-arm64: 2.0.15
      lefthook-linux-x64: 2.0.15
      lefthook-openbsd-arm64: 2.0.15
      lefthook-openbsd-x64: 2.0.15
      lefthook-windows-arm64: 2.0.15
      lefthook-windows-x64: 2.0.15

  log-symbols@7.0.1:
    dependencies:
      is-unicode-supported: 2.1.0
      yoctocolors: 2.1.2

  mimic-function@5.0.1: {}

  onetime@7.0.0:
    dependencies:
      mimic-function: 5.0.1

  ora@9.0.0:
    dependencies:
      chalk: 5.6.2
      cli-cursor: 5.0.0
      cli-spinners: 3.4.0
      is-interactive: 2.0.0
      is-unicode-supported: 2.1.0
      log-symbols: 7.0.1
      stdin-discarder: 0.2.2
      string-width: 8.1.0
      strip-ansi: 7.1.2

  restore-cursor@5.1.0:
    dependencies:
      onetime: 7.0.0
      signal-exit: 4.1.0

  semver@7.7.3: {}

  signal-exit@4.1.0: {}

  stdin-discarder@0.2.2: {}

  string-width@8.1.0:
    dependencies:
      get-east-asian-width: 1.4.0
      strip-ansi: 7.1.2

  strip-ansi@7.1.2:
    dependencies:
      ansi-regex: 6.2.2

  typescript@5.9.3: {}

  undici-types@7.16.0: {}

  yaml@2.8.2: {}

  yoctocolors@2.1.2: {}

  zod@3.25.76: {}

  zod@4.3.5: {}
