lockfileVersion: '9.0'

settings:
  autoInstallPeers: true
  excludeLinksFromLockfile: false

importers:

  .:
    dependencies:
      '@kustodian/core':
        specifier: ^1.1.0
        version: 1.1.0
      '@kustodian/plugins':
        specifier: ^1.0.1
        version: 1.0.1
      '@kustodian/schema':
        specifier: ^1.2.0
        version: 1.2.0
      js-yaml:
        specifier: ^4.1.1
        version: 4.1.1
      zod:
        specifier: ^4.3.5
        version: 4.3.5
    devDependencies:
      '@types/js-yaml':
        specifier: ^4.0.9
        version: 4.0.9

packages:

  '@kustodian/core@1.1.0':
    resolution: {integrity: sha512-KqW5AjnYfMt2HTVmzO2OD3q1BMNPQRJ3VwJv+FYecWiTwgokFq+yX/q4KvoXnHUIF2nSY9ofm4bhm3rFEbh65A==}

  '@kustodian/plugins@1.0.1':
    resolution: {integrity: sha512-MqXuj+3R3rZEhOqqLw+yFM6YCwLFBjKY8jg+jF5VWFXWr0cFW2flW9cuulR6B9M4lmJkR8zPYdTAcjrICZMQnQ==}

  '@kustodian/schema@1.2.0':
    resolution: {integrity: sha512-8mSE744IvxUcPBNz3DM40uRVRMRhbsOE1Zsz4mZxdZeVFBIsApDAtnHxa3/LBsom+7JhhhtB8X6IUFMB5TDwlg==}

  '@types/js-yaml@4.0.9':
    resolution: {integrity: sha512-k4MGaQl5TGo/iipqb2UDG2UwjXziSWkh0uysQelTlJpX1qGlpUZYm8PnO4DxG1qBomtJUdYJ6qR6xdIah10JLg==}

  argparse@2.0.1:
    resolution: {integrity: sha512-8+9WqebbFzpX9OR+Wa6O29asIogeRMzcGtAINdpMHHyAg10f05aSFVBbcEqGf/PXw1EjAZ+q2/bEBg3DvurK3Q==}

  js-yaml@4.1.1:
    resolution: {integrity: sha512-qQKT4zQxXl8lLwBtHMWwaTcGfFOZviOJet3Oy/xmGk2gZH677CJM9EvtfdSkgWcATZhj/55JZ0rmy3myCT5lsA==}
    hasBin: true

  zod@3.25.76:
    resolution: {integrity: sha512-gzUt/qt81nXsFGKIFcC3YnfEAx5NkunCfnDlvuBSSFS02bcXu4Lmea0AFIUwbLWxWPx3d9p8S5QoaujKcNQxcQ==}

  zod@4.3.5:
    resolution: {integrity: sha512-k7Nwx6vuWx1IJ9Bjuf4Zt1PEllcwe7cls3VNzm4CQ1/hgtFUK2bRNG3rvnpPUhFjmqJKAKtjV576KnUkHocg/g==}

snapshots:

  '@kustodian/core@1.1.0': {}

  '@kustodian/plugins@1.0.1':
    dependencies:
      '@kustodian/core': link:../../packages/core
      '@kustodian/nodes': link:../../packages/nodes
      '@kustodian/schema': link:../../packages/schema
      zod: 3.25.76

  '@kustodian/schema@1.2.0':
    dependencies:
      zod: 3.25.76

  '@types/js-yaml@4.0.9': {}

  argparse@2.0.1: {}

  js-yaml@4.1.1:
    dependencies:
      argparse: 2.0.1

  zod@3.25.76: {}

  zod@4.3.5: {}
